
Microsoft Visual Studio Solution File, Format Version 12.00
# Visual Studio Version 16
VisualStudioVersion = 16.0.32228.343
MinimumVisualStudioVersion = 10.0.40219.1
Project("{FAE04EC0-301F-11D3-BF4B-00C04F79EFBC}") = "ConsoleApp1", "ConsoleApp1\ConsoleApp1.csproj", "{9AA06B2A-0C79-4181-B5E2-59FC51B01197}"
EndProject
Global
	GlobalSection(SolutionConfigurationPlatforms) = preSolution
		Debug|Any CPU = Debug|Any CPU
		Release|Any CPU = Release|Any CPU
	EndGlobalSection
	GlobalSection(ProjectConfigurationPlatforms) = postSolution
		{9AA06B2A-0C79-4181-B5E2-59FC51B01197}.Debug|Any CPU.ActiveCfg = Debug|Any CPU
		{9AA06B2A-0C79-4181-B5E2-59FC51B01197}.Debug|Any CPU.Build.0 = Debug|Any CPU
		{9AA06B2A-0C79-4181-B5E2-59FC51B01197}.Release|Any CPU.ActiveCfg = Release|Any CPU
		{9AA06B2A-0C79-4181-B5E2-59FC51B01197}.Release|Any CPU.Build.0 = Release|Any CPU
	EndGlobalSection
	GlobalSection(SolutionProperties) = preSolution
		HideSolutionNode = FALSE
	EndGlobalSection
	GlobalSection(ExtensibilityGlobals) = postSolution
		SolutionGuid = {655FDA62-39C4-4DF3-9352-57D432D3C998}
	EndGlobalSection
EndGlobal
